{
  "name": "pub",
  "lockfileVersion": 2,
  "requires": true,
  "packages": {
    "": {
      "license": "ISC",
      "dependencies": {
        "glo-astn-handlers": "^0.2.0",
        "glo-astn-schema": "^0.1.0",
        "glo-astn-typedhandlers": "^0.3.0",
        "pareto-core-data": "^0.2.0",
        "pareto-core-dev": "^0.2.0",
        "pareto-core-lib": "^0.20.0",
        "pareto-core-map": "^0.2.1",
        "pareto-core-state": "^0.14.0",
        "res-pareto-string": "^0.8.0",
        "res-pareto-tostring": "^0.20.1"
      }
    },
    "node_modules/glo-astn-handlers": {
      "version": "0.2.0",
      "resolved": "https://registry.npmjs.org/glo-astn-handlers/-/glo-astn-handlers-0.2.0.tgz",
      "integrity": "sha512-hl89q1Jl19P2psL+lH11zeTF5IkL/sGQckV0U88MaB0jzgZRmKOxcSIjjM3QRTezx6Ih+QF+Owndyg3RW5rCaQ==",
      "dependencies": {
        "pareto-core-types": "^0.12.0"
      }
    },
    "node_modules/glo-astn-schema": {
      "version": "0.1.0",
      "resolved": "https://registry.npmjs.org/glo-astn-schema/-/glo-astn-schema-0.1.0.tgz",
      "integrity": "sha512-OxE7/DPwUP1UKUuOiFBs4nYM1CTfCsq3XlqacoItFFnz6KB+teYzrwDmdalYgm2aQz+IQa0pD49V8IXbtQ5DHg==",
      "dependencies": {
        "pareto-core-types": "^0.12.0"
      }
    },
    "node_modules/glo-astn-tokenconsumer": {
      "version": "0.4.0",
      "resolved": "https://registry.npmjs.org/glo-astn-tokenconsumer/-/glo-astn-tokenconsumer-0.4.0.tgz",
      "integrity": "sha512-947negUxF0WTTgA62sG3e8EOpkLAmon64IWuJFwIoYxB3+gXu3urnZmM5c/gfGuTrkgCII1Xg87Ng3JyFnBAqA==",
      "dependencies": {
        "pareto-core-types": "^0.12.0"
      }
    },
    "node_modules/glo-astn-typedhandlers": {
      "version": "0.3.0",
      "resolved": "https://registry.npmjs.org/glo-astn-typedhandlers/-/glo-astn-typedhandlers-0.3.0.tgz",
      "integrity": "sha512-A7b1RyRUbimIbsLeEWpysqHN7Ev08qGVl5l1+2zURlQvq18NprIBQbGA6sVI+L/fDnVFPbwKlYMpAlCdRpCyqQ==",
      "dependencies": {
        "glo-astn-handlers": "^0.2.0",
        "glo-astn-schema": "^0.1.0",
        "glo-astn-tokenconsumer": "^0.4.0",
        "glo-pareto-common": "^0.15.0",
        "pareto-core-types": "^0.12.0"
      }
    },
    "node_modules/glo-pareto-common": {
      "version": "0.15.0",
      "resolved": "https://registry.npmjs.org/glo-pareto-common/-/glo-pareto-common-0.15.0.tgz",
      "integrity": "sha512-D4vYIo5O7LEKb4HZhZxS8FXjRTrlANfaHs73e7xxWyECZPR1+bZNPzzQ//1geFpkoadi8Asbth1jA9//0K5c7w==",
      "dependencies": {
        "pareto-core-types": "^0.12.0"
      }
    },
    "node_modules/pareto-core-data": {
      "version": "0.2.0",
      "resolved": "https://registry.npmjs.org/pareto-core-data/-/pareto-core-data-0.2.0.tgz",
      "integrity": "sha512-TOOHt0mubI55wLY6RjB3yB4cB8UhRtIYvmYsO9w8Fs4OhPGhgYeE6Wi1KMG8mVESGvyjLwmuX1z4Ufgt0zgDyQ==",
      "dependencies": {
        "pareto-core-internals": "^0.13.0"
      }
    },
    "node_modules/pareto-core-dev": {
      "version": "0.2.0",
      "resolved": "https://registry.npmjs.org/pareto-core-dev/-/pareto-core-dev-0.2.0.tgz",
      "integrity": "sha512-pomsDAhCa3m56ceDym/7dtizj1R+wNr4qo6Eb/Jw6t2w71+dNhK4Ph8mEGYTx1qwGaKKGBxZ4rM8S8As2MwwQw==",
      "dependencies": {
        "pareto-core-internals": "^0.13.0"
      }
    },
    "node_modules/pareto-core-internals": {
      "version": "0.13.0",
      "resolved": "https://registry.npmjs.org/pareto-core-internals/-/pareto-core-internals-0.13.0.tgz",
      "integrity": "sha512-Yb9SVAb3G7H1EZBTxyA1VWuf5bGYd5hMccgklqkvlaavQab6w7PiMvzUY0Wzj1pExFAYe2rtm8IQ2uSBHAyS0g==",
      "dependencies": {
        "pareto-core-types": "^0.12.0"
      }
    },
    "node_modules/pareto-core-lib": {
      "version": "0.20.0",
      "resolved": "https://registry.npmjs.org/pareto-core-lib/-/pareto-core-lib-0.20.0.tgz",
      "integrity": "sha512-ZszuuG/BONyz8nJQgysusV2i5eHCvEYzssEdRYaQ8NSU9PCY8AiOukEhZeXqljPP147yg3RzSKAhXBql9e34iw==",
      "dependencies": {
        "pareto-core-internals": "^0.13.0"
      }
    },
    "node_modules/pareto-core-map": {
      "version": "0.2.1",
      "resolved": "https://registry.npmjs.org/pareto-core-map/-/pareto-core-map-0.2.1.tgz",
      "integrity": "sha512-oKWbuI0UINIqtY8MBpisenO/76y4fjACWRBkrf8JwN4adMhN4udlHhrlI16OwHLnNGVcDVYSQ1zzD8aoY/8LmQ==",
      "dependencies": {
        "pareto-core-internals": "^0.13.0"
      }
    },
    "node_modules/pareto-core-state": {
      "version": "0.14.0",
      "resolved": "https://registry.npmjs.org/pareto-core-state/-/pareto-core-state-0.14.0.tgz",
      "integrity": "sha512-0YHwXhcvYWCW3Z5E9eSFs3sEc5su0ipBm+SBLtuzhqQDTgs1oou6LT8y9Bz8ju/L/+RCvKXN++ETzikQ7BTzqA==",
      "dependencies": {
        "pareto-core-internals": "^0.13.0"
      }
    },
    "node_modules/pareto-core-types": {
      "version": "0.12.0",
      "resolved": "https://registry.npmjs.org/pareto-core-types/-/pareto-core-types-0.12.0.tgz",
      "integrity": "sha512-cxQ3sI0kJby0o1xM6C6lMl2VFrK1cTTjMF3sSEKW9i3S1xJEnmXybh1oE4+tdIsQmQysDAGOZ0Awi/gzzjnJHw=="
    },
    "node_modules/res-pareto-string": {
      "version": "0.8.0",
      "resolved": "https://registry.npmjs.org/res-pareto-string/-/res-pareto-string-0.8.0.tgz",
      "integrity": "sha512-W1FfjDvFwyo4/1yF5ELyWP0iRd+ZBPvBtCQbCvtKF6JT8+mYXr1CrH+byGVaWcg2SZShKhESjNkYUJul4kskAw==",
      "dependencies": {
        "glo-pareto-common": "^0.12.0",
        "pareto-core-internals": "^0.11.1"
      }
    },
    "node_modules/res-pareto-string/node_modules/glo-pareto-common": {
      "version": "0.12.2",
      "resolved": "https://registry.npmjs.org/glo-pareto-common/-/glo-pareto-common-0.12.2.tgz",
      "integrity": "sha512-MJzyoVTBA0AGJvDXdlhlZVTD0FVitJIb0k20aOd+nh3Xv2Fg+wljVdluHvE+agjhoRTiTyaJYgKIV1q+yBx+Tg==",
      "dependencies": {
        "pareto-core-types": "^0.12.0"
      }
    },
    "node_modules/res-pareto-string/node_modules/pareto-core-internals": {
      "version": "0.11.1",
      "resolved": "https://registry.npmjs.org/pareto-core-internals/-/pareto-core-internals-0.11.1.tgz",
      "integrity": "sha512-76JEoM2lFQORoit047gppzLuw9bDbXhrLhTcX4nwvYmn1AOjmgNSi/oTUPb9E/M2NYWmyP3mqxyqbmygxy9oDQ==",
      "dependencies": {
        "pareto-core-types": "^0.10.0"
      }
    },
    "node_modules/res-pareto-string/node_modules/pareto-core-internals/node_modules/pareto-core-types": {
      "version": "0.10.0",
      "resolved": "https://registry.npmjs.org/pareto-core-types/-/pareto-core-types-0.10.0.tgz",
      "integrity": "sha512-asVi1Eq2wbUfqyOrTFtSP7Tm1flBhfh2Evu90aTgf2xzphs9BFiYvIs9FhNWU7qcvjAup6ISMT6Gjv7mHQivLw=="
    },
    "node_modules/res-pareto-tostring": {
      "version": "0.20.1",
      "resolved": "https://registry.npmjs.org/res-pareto-tostring/-/res-pareto-tostring-0.20.1.tgz",
      "integrity": "sha512-ubAyTrBtANVBl4H4yow7MCmpzvY2oQZeD5Xl4nKpamZMV7ASIdT8S00UFMSQ1t5cEXZQc/kOrHBB72fnrqOUIQ==",
      "dependencies": {
        "glo-pareto-common": "^0.12.2",
        "pareto-core-internals": "^0.13.0"
      }
    },
    "node_modules/res-pareto-tostring/node_modules/glo-pareto-common": {
      "version": "0.12.2",
      "resolved": "https://registry.npmjs.org/glo-pareto-common/-/glo-pareto-common-0.12.2.tgz",
      "integrity": "sha512-MJzyoVTBA0AGJvDXdlhlZVTD0FVitJIb0k20aOd+nh3Xv2Fg+wljVdluHvE+agjhoRTiTyaJYgKIV1q+yBx+Tg==",
      "dependencies": {
        "pareto-core-types": "^0.12.0"
      }
    }
  },
  "dependencies": {
    "glo-astn-handlers": {
      "version": "0.2.0",
      "resolved": "https://registry.npmjs.org/glo-astn-handlers/-/glo-astn-handlers-0.2.0.tgz",
      "integrity": "sha512-hl89q1Jl19P2psL+lH11zeTF5IkL/sGQckV0U88MaB0jzgZRmKOxcSIjjM3QRTezx6Ih+QF+Owndyg3RW5rCaQ==",
      "requires": {
        "pareto-core-types": "^0.12.0"
      }
    },
    "glo-astn-schema": {
      "version": "0.1.0",
      "resolved": "https://registry.npmjs.org/glo-astn-schema/-/glo-astn-schema-0.1.0.tgz",
      "integrity": "sha512-OxE7/DPwUP1UKUuOiFBs4nYM1CTfCsq3XlqacoItFFnz6KB+teYzrwDmdalYgm2aQz+IQa0pD49V8IXbtQ5DHg==",
      "requires": {
        "pareto-core-types": "^0.12.0"
      }
    },
    "glo-astn-tokenconsumer": {
      "version": "0.4.0",
      "resolved": "https://registry.npmjs.org/glo-astn-tokenconsumer/-/glo-astn-tokenconsumer-0.4.0.tgz",
      "integrity": "sha512-947negUxF0WTTgA62sG3e8EOpkLAmon64IWuJFwIoYxB3+gXu3urnZmM5c/gfGuTrkgCII1Xg87Ng3JyFnBAqA==",
      "requires": {
        "pareto-core-types": "^0.12.0"
      }
    },
    "glo-astn-typedhandlers": {
      "version": "0.3.0",
      "resolved": "https://registry.npmjs.org/glo-astn-typedhandlers/-/glo-astn-typedhandlers-0.3.0.tgz",
      "integrity": "sha512-A7b1RyRUbimIbsLeEWpysqHN7Ev08qGVl5l1+2zURlQvq18NprIBQbGA6sVI+L/fDnVFPbwKlYMpAlCdRpCyqQ==",
      "requires": {
        "glo-astn-handlers": "^0.2.0",
        "glo-astn-schema": "^0.1.0",
        "glo-astn-tokenconsumer": "^0.4.0",
        "glo-pareto-common": "^0.15.0",
        "pareto-core-types": "^0.12.0"
      }
    },
    "glo-pareto-common": {
      "version": "0.15.0",
      "resolved": "https://registry.npmjs.org/glo-pareto-common/-/glo-pareto-common-0.15.0.tgz",
      "integrity": "sha512-D4vYIo5O7LEKb4HZhZxS8FXjRTrlANfaHs73e7xxWyECZPR1+bZNPzzQ//1geFpkoadi8Asbth1jA9//0K5c7w==",
      "requires": {
        "pareto-core-types": "^0.12.0"
      }
    },
    "pareto-core-data": {
      "version": "0.2.0",
      "resolved": "https://registry.npmjs.org/pareto-core-data/-/pareto-core-data-0.2.0.tgz",
      "integrity": "sha512-TOOHt0mubI55wLY6RjB3yB4cB8UhRtIYvmYsO9w8Fs4OhPGhgYeE6Wi1KMG8mVESGvyjLwmuX1z4Ufgt0zgDyQ==",
      "requires": {
        "pareto-core-internals": "^0.13.0"
      }
    },
    "pareto-core-dev": {
      "version": "0.2.0",
      "resolved": "https://registry.npmjs.org/pareto-core-dev/-/pareto-core-dev-0.2.0.tgz",
      "integrity": "sha512-pomsDAhCa3m56ceDym/7dtizj1R+wNr4qo6Eb/Jw6t2w71+dNhK4Ph8mEGYTx1qwGaKKGBxZ4rM8S8As2MwwQw==",
      "requires": {
        "pareto-core-internals": "^0.13.0"
      }
    },
    "pareto-core-internals": {
      "version": "0.13.0",
      "resolved": "https://registry.npmjs.org/pareto-core-internals/-/pareto-core-internals-0.13.0.tgz",
      "integrity": "sha512-Yb9SVAb3G7H1EZBTxyA1VWuf5bGYd5hMccgklqkvlaavQab6w7PiMvzUY0Wzj1pExFAYe2rtm8IQ2uSBHAyS0g==",
      "requires": {
        "pareto-core-types": "^0.12.0"
      }
    },
    "pareto-core-lib": {
      "version": "0.20.0",
      "resolved": "https://registry.npmjs.org/pareto-core-lib/-/pareto-core-lib-0.20.0.tgz",
      "integrity": "sha512-ZszuuG/BONyz8nJQgysusV2i5eHCvEYzssEdRYaQ8NSU9PCY8AiOukEhZeXqljPP147yg3RzSKAhXBql9e34iw==",
      "requires": {
        "pareto-core-internals": "^0.13.0"
      }
    },
    "pareto-core-map": {
      "version": "0.2.1",
      "resolved": "https://registry.npmjs.org/pareto-core-map/-/pareto-core-map-0.2.1.tgz",
      "integrity": "sha512-oKWbuI0UINIqtY8MBpisenO/76y4fjACWRBkrf8JwN4adMhN4udlHhrlI16OwHLnNGVcDVYSQ1zzD8aoY/8LmQ==",
      "requires": {
        "pareto-core-internals": "^0.13.0"
      }
    },
    "pareto-core-state": {
      "version": "0.14.0",
      "resolved": "https://registry.npmjs.org/pareto-core-state/-/pareto-core-state-0.14.0.tgz",
      "integrity": "sha512-0YHwXhcvYWCW3Z5E9eSFs3sEc5su0ipBm+SBLtuzhqQDTgs1oou6LT8y9Bz8ju/L/+RCvKXN++ETzikQ7BTzqA==",
      "requires": {
        "pareto-core-internals": "^0.13.0"
      }
    },
    "pareto-core-types": {
      "version": "0.12.0",
      "resolved": "https://registry.npmjs.org/pareto-core-types/-/pareto-core-types-0.12.0.tgz",
      "integrity": "sha512-cxQ3sI0kJby0o1xM6C6lMl2VFrK1cTTjMF3sSEKW9i3S1xJEnmXybh1oE4+tdIsQmQysDAGOZ0Awi/gzzjnJHw=="
    },
    "res-pareto-string": {
      "version": "0.8.0",
      "resolved": "https://registry.npmjs.org/res-pareto-string/-/res-pareto-string-0.8.0.tgz",
      "integrity": "sha512-W1FfjDvFwyo4/1yF5ELyWP0iRd+ZBPvBtCQbCvtKF6JT8+mYXr1CrH+byGVaWcg2SZShKhESjNkYUJul4kskAw==",
      "requires": {
        "glo-pareto-common": "^0.12.0",
        "pareto-core-internals": "^0.11.1"
      },
      "dependencies": {
        "glo-pareto-common": {
          "version": "0.12.2",
          "resolved": "https://registry.npmjs.org/glo-pareto-common/-/glo-pareto-common-0.12.2.tgz",
          "integrity": "sha512-MJzyoVTBA0AGJvDXdlhlZVTD0FVitJIb0k20aOd+nh3Xv2Fg+wljVdluHvE+agjhoRTiTyaJYgKIV1q+yBx+Tg==",
          "requires": {
            "pareto-core-types": "^0.12.0"
          }
        },
        "pareto-core-internals": {
          "version": "0.11.1",
          "resolved": "https://registry.npmjs.org/pareto-core-internals/-/pareto-core-internals-0.11.1.tgz",
          "integrity": "sha512-76JEoM2lFQORoit047gppzLuw9bDbXhrLhTcX4nwvYmn1AOjmgNSi/oTUPb9E/M2NYWmyP3mqxyqbmygxy9oDQ==",
          "requires": {
            "pareto-core-types": "^0.10.0"
          },
          "dependencies": {
            "pareto-core-types": {
              "version": "0.10.0",
              "resolved": "https://registry.npmjs.org/pareto-core-types/-/pareto-core-types-0.10.0.tgz",
              "integrity": "sha512-asVi1Eq2wbUfqyOrTFtSP7Tm1flBhfh2Evu90aTgf2xzphs9BFiYvIs9FhNWU7qcvjAup6ISMT6Gjv7mHQivLw=="
            }
          }
        }
      }
    },
    "res-pareto-tostring": {
      "version": "0.20.1",
      "resolved": "https://registry.npmjs.org/res-pareto-tostring/-/res-pareto-tostring-0.20.1.tgz",
      "integrity": "sha512-ubAyTrBtANVBl4H4yow7MCmpzvY2oQZeD5Xl4nKpamZMV7ASIdT8S00UFMSQ1t5cEXZQc/kOrHBB72fnrqOUIQ==",
      "requires": {
        "glo-pareto-common": "^0.12.2",
        "pareto-core-internals": "^0.13.0"
      },
      "dependencies": {
        "glo-pareto-common": {
          "version": "0.12.2",
          "resolved": "https://registry.npmjs.org/glo-pareto-common/-/glo-pareto-common-0.12.2.tgz",
          "integrity": "sha512-MJzyoVTBA0AGJvDXdlhlZVTD0FVitJIb0k20aOd+nh3Xv2Fg+wljVdluHvE+agjhoRTiTyaJYgKIV1q+yBx+Tg==",
          "requires": {
            "pareto-core-types": "^0.12.0"
          }
        }
      }
    }
  }
}
