{
  "name": "astn-unmarshall-lib",
  "version": "0.21.0",
  "lockfileVersion": 2,
  "requires": true,
  "packages": {
    "": {
      "name": "astn-unmarshall-lib",
      "version": "0.21.0",
      "license": "ISC",
      "dependencies": {
        "api-astn-handlers": "^0.1.0",
        "api-astn-typedhandlers": "^0.1.0",
        "pareto-core-lib": "^0.12.0"
      }
    },
    "node_modules/api-astn-handlers": {
      "version": "0.1.0",
      "resolved": "https://registry.npmjs.org/api-astn-handlers/-/api-astn-handlers-0.1.0.tgz",
      "integrity": "sha512-BKmpa6Jz2twtwBcNY4AD4xAHrOdFVejWWHHBlyW7yRhtVkgcc9sWxXD0Z1Ru5qdhUCPtqIt9aknikli/6QDW3g==",
      "dependencies": {
        "pareto-core-types": "^0.1.0"
      }
    },
    "node_modules/api-astn-typedhandlers": {
      "version": "0.1.0",
      "resolved": "https://registry.npmjs.org/api-astn-typedhandlers/-/api-astn-typedhandlers-0.1.0.tgz",
      "integrity": "sha512-EdC8tCU9GYbDzOoFKgyv9bp4WSLd6E06YedWvJTb3lnqCvPMP3IG/HB+I+mW16qNdhy2nUoCcSej+NuyGLu/Sw==",
      "dependencies": {
        "api-astn-handlers": "^0.1.0",
        "pareto-core-types": "^0.1.0"
      }
    },
    "node_modules/pareto-core-internals": {
      "version": "0.6.0",
      "resolved": "https://registry.npmjs.org/pareto-core-internals/-/pareto-core-internals-0.6.0.tgz",
      "integrity": "sha512-ZXHa+PC5n7Ij/ASupX9erNo0ToHzDarv7AMTLfryB/l8YN49W8ZcHqFp6AFayiamtdBEf6nOy24A4OwmPRCkaA==",
      "dependencies": {
        "pareto-core-types": "^0.5.0"
      }
    },
    "node_modules/pareto-core-internals/node_modules/pareto-core-types": {
      "version": "0.5.0",
      "resolved": "https://registry.npmjs.org/pareto-core-types/-/pareto-core-types-0.5.0.tgz",
      "integrity": "sha512-RgJ5V2Eg/E8wUtlXL0T+0oywXRubtBChdoKfdRctjExtmrU2UeWkIvrncbxe4k+pyMxO3eJ3NQ/58trkW7L+Cg=="
    },
    "node_modules/pareto-core-lib": {
      "version": "0.12.0",
      "resolved": "https://registry.npmjs.org/pareto-core-lib/-/pareto-core-lib-0.12.0.tgz",
      "integrity": "sha512-t8aAPpP0NadPa4umSeZRA/auwQGy+9vn5ez0VUT65m9ZQTuSSJzy2Mg2L8++vZ2VmtfHA3ssLbCYcbWsoJNdcw==",
      "dependencies": {
        "pareto-core-internals": "^0.6.0"
      }
    },
    "node_modules/pareto-core-types": {
      "version": "0.1.0",
      "resolved": "https://registry.npmjs.org/pareto-core-types/-/pareto-core-types-0.1.0.tgz",
      "integrity": "sha512-0HzkufJz11Lus9Kt1AS5+ihBMjyJvpmw2/lQHOYhhIv8WwrTBpIsYJusEzrlnq2+wWAoK46giQeHFky2YQAnaw=="
    }
  },
  "dependencies": {
    "api-astn-handlers": {
      "version": "0.1.0",
      "resolved": "https://registry.npmjs.org/api-astn-handlers/-/api-astn-handlers-0.1.0.tgz",
      "integrity": "sha512-BKmpa6Jz2twtwBcNY4AD4xAHrOdFVejWWHHBlyW7yRhtVkgcc9sWxXD0Z1Ru5qdhUCPtqIt9aknikli/6QDW3g==",
      "requires": {
        "pareto-core-types": "^0.1.0"
      }
    },
    "api-astn-typedhandlers": {
      "version": "0.1.0",
      "resolved": "https://registry.npmjs.org/api-astn-typedhandlers/-/api-astn-typedhandlers-0.1.0.tgz",
      "integrity": "sha512-EdC8tCU9GYbDzOoFKgyv9bp4WSLd6E06YedWvJTb3lnqCvPMP3IG/HB+I+mW16qNdhy2nUoCcSej+NuyGLu/Sw==",
      "requires": {
        "api-astn-handlers": "^0.1.0",
        "pareto-core-types": "^0.1.0"
      }
    },
    "pareto-core-internals": {
      "version": "0.6.0",
      "resolved": "https://registry.npmjs.org/pareto-core-internals/-/pareto-core-internals-0.6.0.tgz",
      "integrity": "sha512-ZXHa+PC5n7Ij/ASupX9erNo0ToHzDarv7AMTLfryB/l8YN49W8ZcHqFp6AFayiamtdBEf6nOy24A4OwmPRCkaA==",
      "requires": {
        "pareto-core-types": "^0.5.0"
      },
      "dependencies": {
        "pareto-core-types": {
          "version": "0.5.0",
          "resolved": "https://registry.npmjs.org/pareto-core-types/-/pareto-core-types-0.5.0.tgz",
          "integrity": "sha512-RgJ5V2Eg/E8wUtlXL0T+0oywXRubtBChdoKfdRctjExtmrU2UeWkIvrncbxe4k+pyMxO3eJ3NQ/58trkW7L+Cg=="
        }
      }
    },
    "pareto-core-lib": {
      "version": "0.12.0",
      "resolved": "https://registry.npmjs.org/pareto-core-lib/-/pareto-core-lib-0.12.0.tgz",
      "integrity": "sha512-t8aAPpP0NadPa4umSeZRA/auwQGy+9vn5ez0VUT65m9ZQTuSSJzy2Mg2L8++vZ2VmtfHA3ssLbCYcbWsoJNdcw==",
      "requires": {
        "pareto-core-internals": "^0.6.0"
      }
    },
    "pareto-core-types": {
      "version": "0.1.0",
      "resolved": "https://registry.npmjs.org/pareto-core-types/-/pareto-core-types-0.1.0.tgz",
      "integrity": "sha512-0HzkufJz11Lus9Kt1AS5+ihBMjyJvpmw2/lQHOYhhIv8WwrTBpIsYJusEzrlnq2+wWAoK46giQeHFky2YQAnaw=="
    }
  }
}
